// !$*UTF8*$!
{
	archiveVersion = 1;
	classes = {
	};
	objectVersion = 48;
	objects = {

/* Begin PBXBuildFile section */
		B8563E5F761C96BAEF340DD8 /* Pods_Wijnderlust.framework in Frameworks */ = {isa = PBXBuildFile; fileRef = 4C74C7A61C3D6CBCF37CBB59 /* Pods_Wijnderlust.framework */; };
		C90E8B6B202B5DF20087B8EA /* Venue.swift in Sources */ = {isa = PBXBuildFile; fileRef = C90E8B6A202B5DF20087B8EA /* Venue.swift */; };
		C90E8B6E202B5E400087B8EA /* JSON Initialisable.swift in Sources */ = {isa = PBXBuildFile; fileRef = C90E8B6D202B5E400087B8EA /* JSON Initialisable.swift */; };
		C90E8B70202B5EA90087B8EA /* Yelp Category.swift in Sources */ = {isa = PBXBuildFile; fileRef = C90E8B6F202B5EA90087B8EA /* Yelp Category.swift */; };
		C90E8B73202B5ECE0087B8EA /* Coordinate.swift in Sources */ = {isa = PBXBuildFile; fileRef = C90E8B72202B5ECE0087B8EA /* Coordinate.swift */; };
		C90E8B75202B5F2A0087B8EA /* Yelp Address.swift in Sources */ = {isa = PBXBuildFile; fileRef = C90E8B74202B5F2A0087B8EA /* Yelp Address.swift */; };
		C90E8B77202B5F7C0087B8EA /* Yelp Review.swift in Sources */ = {isa = PBXBuildFile; fileRef = C90E8B76202B5F7C0087B8EA /* Yelp Review.swift */; };
		C90E8B79202B5FA80087B8EA /* Yelp User.swift in Sources */ = {isa = PBXBuildFile; fileRef = C90E8B78202B5FA80087B8EA /* Yelp User.swift */; };
		C90E8B7C202B6AE90087B8EA /* VenueCell.swift in Sources */ = {isa = PBXBuildFile; fileRef = C90E8B7B202B6AE90087B8EA /* VenueCell.swift */; };
		C90E8B7F202B6FED0087B8EA /* CosmosStarRatings.swift in Sources */ = {isa = PBXBuildFile; fileRef = C90E8B7E202B6FED0087B8EA /* CosmosStarRatings.swift */; };
		C90E8B82202B75560087B8EA /* VenueCellViewModel.swift in Sources */ = {isa = PBXBuildFile; fileRef = C90E8B81202B75560087B8EA /* VenueCellViewModel.swift */; };
		C90E8B84202B7B670087B8EA /* Inspiration Controller.swift in Sources */ = {isa = PBXBuildFile; fileRef = C90E8B83202B7B670087B8EA /* Inspiration Controller.swift */; };
		C90E8B86202B7CE50087B8EA /* API Endpoint.swift in Sources */ = {isa = PBXBuildFile; fileRef = C90E8B85202B7CE50087B8EA /* API Endpoint.swift */; };
		C90E8B88202B7D5A0087B8EA /* Yelp Client.swift in Sources */ = {isa = PBXBuildFile; fileRef = C90E8B87202B7D5A0087B8EA /* Yelp Client.swift */; };
		C90E8B8A202B7D880087B8EA /* API Client Protocol.swift in Sources */ = {isa = PBXBuildFile; fileRef = C90E8B89202B7D880087B8EA /* API Client Protocol.swift */; };
		C90E8B8D202B89990087B8EA /* Inspiration Data Source.swift in Sources */ = {isa = PBXBuildFile; fileRef = C90E8B8C202B89990087B8EA /* Inspiration Data Source.swift */; };
		C90E8B8F202BC8D20087B8EA /* Pending Operation Queue.swift in Sources */ = {isa = PBXBuildFile; fileRef = C90E8B8E202BC8D20087B8EA /* Pending Operation Queue.swift */; };
		C90E8B91202BC8ED0087B8EA /* Venue Image Downloader.swift in Sources */ = {isa = PBXBuildFile; fileRef = C90E8B90202BC8ED0087B8EA /* Venue Image Downloader.swift */; };
		C90E8B93202BF0320087B8EA /* Venue Interior Controller.swift in Sources */ = {isa = PBXBuildFile; fileRef = C90E8B92202BF0320087B8EA /* Venue Interior Controller.swift */; };
		C91064CE2023555400A71F78 /* Profile Menu Controller.swift in Sources */ = {isa = PBXBuildFile; fileRef = C91064CD2023555400A71F78 /* Profile Menu Controller.swift */; };
		C91064D120237AE700A71F78 /* EditProfileViewController.swift in Sources */ = {isa = PBXBuildFile; fileRef = C91064D020237AE700A71F78 /* EditProfileViewController.swift */; };
		C91064D32024C97A00A71F78 /* YourReviewsTableViewController.swift in Sources */ = {isa = PBXBuildFile; fileRef = C91064D22024C97A00A71F78 /* YourReviewsTableViewController.swift */; };
		C91064D520260B4B00A71F78 /* ReviewCell.swift in Sources */ = {isa = PBXBuildFile; fileRef = C91064D420260B4B00A71F78 /* ReviewCell.swift */; };
		C91064D72028D15C00A71F78 /* Review.swift in Sources */ = {isa = PBXBuildFile; fileRef = C91064D62028D15C00A71F78 /* Review.swift */; };
		C91064D92028E48E00A71F78 /* TripHistoryTableViewController.swift in Sources */ = {isa = PBXBuildFile; fileRef = C91064D82028E48E00A71F78 /* TripHistoryTableViewController.swift */; };
		C9582DF2202C9D0800A28E88 /* VenueInteriorViewModel.swift in Sources */ = {isa = PBXBuildFile; fileRef = C9582DF1202C9D0800A28E88 /* VenueInteriorViewModel.swift */; };
		C9582DF4202CB69500A28E88 /* TransparentNavBarController.swift in Sources */ = {isa = PBXBuildFile; fileRef = C9582DF3202CB69500A28E88 /* TransparentNavBarController.swift */; };
		C99E4C622019EA5400887281 /* App Delegate.swift in Sources */ = {isa = PBXBuildFile; fileRef = C99E4C612019EA5400887281 /* App Delegate.swift */; };
		C99E4C692019EA5400887281 /* Main.storyboard in Resources */ = {isa = PBXBuildFile; fileRef = C99E4C672019EA5400887281 /* Main.storyboard */; };
		C99E4C6B2019EA5400887281 /* Assets.xcassets in Resources */ = {isa = PBXBuildFile; fileRef = C99E4C6A2019EA5400887281 /* Assets.xcassets */; };
		C99E4C6E2019EA5400887281 /* LaunchScreen.storyboard in Resources */ = {isa = PBXBuildFile; fileRef = C99E4C6C2019EA5400887281 /* LaunchScreen.storyboard */; };
		C99E4C762019EB0600887281 /* Third View Controller.swift in Sources */ = {isa = PBXBuildFile; fileRef = C99E4C752019EB0600887281 /* Third View Controller.swift */; };
		C9D2906A201E899700F05361 /* GoogleService-Info.plist in Resources */ = {isa = PBXBuildFile; fileRef = C9D29069201E899700F05361 /* GoogleService-Info.plist */; };
		C9E63985202C6DE000D1DB79 /* Venue Interior Data Source.swift in Sources */ = {isa = PBXBuildFile; fileRef = C9E63984202C6DE000D1DB79 /* Venue Interior Data Source.swift */; };
		C9FCAD712020C91A00047DC6 /* Helper Methods.swift in Sources */ = {isa = PBXBuildFile; fileRef = C9FCAD702020C91A00047DC6 /* Helper Methods.swift */; };
		C9FCAD752020D16900047DC6 /* SignUpViewController.swift in Sources */ = {isa = PBXBuildFile; fileRef = C9FCAD742020D16900047DC6 /* SignUpViewController.swift */; };
		C9FCAD772020DF9300047DC6 /* User.swift in Sources */ = {isa = PBXBuildFile; fileRef = C9FCAD762020DF9300047DC6 /* User.swift */; };
		C9FCAD7B2020E70D00047DC6 /* SignUpTwoViewController.swift in Sources */ = {isa = PBXBuildFile; fileRef = C9FCAD7A2020E70D00047DC6 /* SignUpTwoViewController.swift */; };
		C9FCAD7D202151B100047DC6 /* SignInViewController.swift in Sources */ = {isa = PBXBuildFile; fileRef = C9FCAD7C202151B100047DC6 /* SignInViewController.swift */; };
		C9FCAD832021F2D500047DC6 /* FirebaseDBFunctions.swift in Sources */ = {isa = PBXBuildFile; fileRef = C9FCAD822021F2D500047DC6 /* FirebaseDBFunctions.swift */; };
		C9FCAD852022035A00047DC6 /* Main Nav Controller.swift in Sources */ = {isa = PBXBuildFile; fileRef = C9FCAD842022035A00047DC6 /* Main Nav Controller.swift */; };
		C9FCAD8720221A3F00047DC6 /* SignInUpViewController.swift in Sources */ = {isa = PBXBuildFile; fileRef = C9FCAD8620221A3F00047DC6 /* SignInUpViewController.swift */; };
/* End PBXBuildFile section */

/* Begin PBXFileReference section */
		4C74C7A61C3D6CBCF37CBB59 /* Pods_Wijnderlust.framework */ = {isa = PBXFileReference; explicitFileType = wrapper.framework; includeInIndex = 0; path = Pods_Wijnderlust.framework; sourceTree = BUILT_PRODUCTS_DIR; };
		6D04B44D66B102F96051011D /* Pods-Wijnderlust.release.xcconfig */ = {isa = PBXFileReference; includeInIndex = 1; lastKnownFileType = text.xcconfig; name = "Pods-Wijnderlust.release.xcconfig"; path = "Pods/Target Support Files/Pods-Wijnderlust/Pods-Wijnderlust.release.xcconfig"; sourceTree = "<group>"; };
		C90E8B6A202B5DF20087B8EA /* Venue.swift */ = {isa = PBXFileReference; lastKnownFileType = sourcecode.swift; path = Venue.swift; sourceTree = "<group>"; };
		C90E8B6D202B5E400087B8EA /* JSON Initialisable.swift */ = {isa = PBXFileReference; lastKnownFileType = sourcecode.swift; path = "JSON Initialisable.swift"; sourceTree = "<group>"; };
		C90E8B6F202B5EA90087B8EA /* Yelp Category.swift */ = {isa = PBXFileReference; lastKnownFileType = sourcecode.swift; path = "Yelp Category.swift"; sourceTree = "<group>"; };
		C90E8B72202B5ECE0087B8EA /* Coordinate.swift */ = {isa = PBXFileReference; lastKnownFileType = sourcecode.swift; path = Coordinate.swift; sourceTree = "<group>"; };
		C90E8B74202B5F2A0087B8EA /* Yelp Address.swift */ = {isa = PBXFileReference; lastKnownFileType = sourcecode.swift; path = "Yelp Address.swift"; sourceTree = "<group>"; };
		C90E8B76202B5F7C0087B8EA /* Yelp Review.swift */ = {isa = PBXFileReference; lastKnownFileType = sourcecode.swift; path = "Yelp Review.swift"; sourceTree = "<group>"; };
		C90E8B78202B5FA80087B8EA /* Yelp User.swift */ = {isa = PBXFileReference; lastKnownFileType = sourcecode.swift; path = "Yelp User.swift"; sourceTree = "<group>"; };
		C90E8B7B202B6AE90087B8EA /* VenueCell.swift */ = {isa = PBXFileReference; lastKnownFileType = sourcecode.swift; path = VenueCell.swift; sourceTree = "<group>"; };
		C90E8B7E202B6FED0087B8EA /* CosmosStarRatings.swift */ = {isa = PBXFileReference; lastKnownFileType = sourcecode.swift; path = CosmosStarRatings.swift; sourceTree = "<group>"; };
		C90E8B81202B75560087B8EA /* VenueCellViewModel.swift */ = {isa = PBXFileReference; lastKnownFileType = sourcecode.swift; path = VenueCellViewModel.swift; sourceTree = "<group>"; };
		C90E8B83202B7B670087B8EA /* Inspiration Controller.swift */ = {isa = PBXFileReference; lastKnownFileType = sourcecode.swift; path = "Inspiration Controller.swift"; sourceTree = "<group>"; };
		C90E8B85202B7CE50087B8EA /* API Endpoint.swift */ = {isa = PBXFileReference; lastKnownFileType = sourcecode.swift; path = "API Endpoint.swift"; sourceTree = "<group>"; };
		C90E8B87202B7D5A0087B8EA /* Yelp Client.swift */ = {isa = PBXFileReference; lastKnownFileType = sourcecode.swift; path = "Yelp Client.swift"; sourceTree = "<group>"; };
		C90E8B89202B7D880087B8EA /* API Client Protocol.swift */ = {isa = PBXFileReference; lastKnownFileType = sourcecode.swift; path = "API Client Protocol.swift"; sourceTree = "<group>"; };
		C90E8B8C202B89990087B8EA /* Inspiration Data Source.swift */ = {isa = PBXFileReference; lastKnownFileType = sourcecode.swift; path = "Inspiration Data Source.swift"; sourceTree = "<group>"; };
		C90E8B8E202BC8D20087B8EA /* Pending Operation Queue.swift */ = {isa = PBXFileReference; lastKnownFileType = sourcecode.swift; path = "Pending Operation Queue.swift"; sourceTree = "<group>"; };
		C90E8B90202BC8ED0087B8EA /* Venue Image Downloader.swift */ = {isa = PBXFileReference; lastKnownFileType = sourcecode.swift; path = "Venue Image Downloader.swift"; sourceTree = "<group>"; };
		C90E8B92202BF0320087B8EA /* Venue Interior Controller.swift */ = {isa = PBXFileReference; lastKnownFileType = sourcecode.swift; path = "Venue Interior Controller.swift"; sourceTree = "<group>"; };
		C91064CD2023555400A71F78 /* Profile Menu Controller.swift */ = {isa = PBXFileReference; lastKnownFileType = sourcecode.swift; path = "Profile Menu Controller.swift"; sourceTree = "<group>"; };
		C91064D020237AE700A71F78 /* EditProfileViewController.swift */ = {isa = PBXFileReference; lastKnownFileType = sourcecode.swift; path = EditProfileViewController.swift; sourceTree = "<group>"; };
		C91064D22024C97A00A71F78 /* YourReviewsTableViewController.swift */ = {isa = PBXFileReference; lastKnownFileType = sourcecode.swift; path = YourReviewsTableViewController.swift; sourceTree = "<group>"; };
		C91064D420260B4B00A71F78 /* ReviewCell.swift */ = {isa = PBXFileReference; lastKnownFileType = sourcecode.swift; path = ReviewCell.swift; sourceTree = "<group>"; };
		C91064D62028D15C00A71F78 /* Review.swift */ = {isa = PBXFileReference; lastKnownFileType = sourcecode.swift; path = Review.swift; sourceTree = "<group>"; };
		C91064D82028E48E00A71F78 /* TripHistoryTableViewController.swift */ = {isa = PBXFileReference; lastKnownFileType = sourcecode.swift; path = TripHistoryTableViewController.swift; sourceTree = "<group>"; };
		C9582DF1202C9D0800A28E88 /* VenueInteriorViewModel.swift */ = {isa = PBXFileReference; lastKnownFileType = sourcecode.swift; path = VenueInteriorViewModel.swift; sourceTree = "<group>"; };
		C9582DF3202CB69500A28E88 /* TransparentNavBarController.swift */ = {isa = PBXFileReference; lastKnownFileType = sourcecode.swift; path = TransparentNavBarController.swift; sourceTree = "<group>"; };
		C99E4C5E2019EA5400887281 /* Wijnderlust.app */ = {isa = PBXFileReference; explicitFileType = wrapper.application; includeInIndex = 0; path = Wijnderlust.app; sourceTree = BUILT_PRODUCTS_DIR; };
		C99E4C612019EA5400887281 /* App Delegate.swift */ = {isa = PBXFileReference; lastKnownFileType = sourcecode.swift; path = "App Delegate.swift"; sourceTree = "<group>"; };
		C99E4C682019EA5400887281 /* Base */ = {isa = PBXFileReference; lastKnownFileType = file.storyboard; name = Base; path = Base.lproj/Main.storyboard; sourceTree = "<group>"; };
		C99E4C6A2019EA5400887281 /* Assets.xcassets */ = {isa = PBXFileReference; lastKnownFileType = folder.assetcatalog; path = Assets.xcassets; sourceTree = "<group>"; };
		C99E4C6D2019EA5400887281 /* Base */ = {isa = PBXFileReference; lastKnownFileType = file.storyboard; name = Base; path = Base.lproj/LaunchScreen.storyboard; sourceTree = "<group>"; };
		C99E4C6F2019EA5400887281 /* Info.plist */ = {isa = PBXFileReference; lastKnownFileType = text.plist.xml; path = Info.plist; sourceTree = "<group>"; };
		C99E4C752019EB0600887281 /* Third View Controller.swift */ = {isa = PBXFileReference; lastKnownFileType = sourcecode.swift; path = "Third View Controller.swift"; sourceTree = "<group>"; };
		C9D29069201E899700F05361 /* GoogleService-Info.plist */ = {isa = PBXFileReference; fileEncoding = 4; lastKnownFileType = text.plist.xml; path = "GoogleService-Info.plist"; sourceTree = "<group>"; };
		C9E63984202C6DE000D1DB79 /* Venue Interior Data Source.swift */ = {isa = PBXFileReference; lastKnownFileType = sourcecode.swift; path = "Venue Interior Data Source.swift"; sourceTree = "<group>"; };
		C9FCAD702020C91A00047DC6 /* Helper Methods.swift */ = {isa = PBXFileReference; lastKnownFileType = sourcecode.swift; path = "Helper Methods.swift"; sourceTree = "<group>"; };
		C9FCAD742020D16900047DC6 /* SignUpViewController.swift */ = {isa = PBXFileReference; lastKnownFileType = sourcecode.swift; path = SignUpViewController.swift; sourceTree = "<group>"; };
		C9FCAD762020DF9300047DC6 /* User.swift */ = {isa = PBXFileReference; lastKnownFileType = sourcecode.swift; path = User.swift; sourceTree = "<group>"; };
		C9FCAD7A2020E70D00047DC6 /* SignUpTwoViewController.swift */ = {isa = PBXFileReference; lastKnownFileType = sourcecode.swift; path = SignUpTwoViewController.swift; sourceTree = "<group>"; };
		C9FCAD7C202151B100047DC6 /* SignInViewController.swift */ = {isa = PBXFileReference; lastKnownFileType = sourcecode.swift; path = SignInViewController.swift; sourceTree = "<group>"; };
		C9FCAD822021F2D500047DC6 /* FirebaseDBFunctions.swift */ = {isa = PBXFileReference; lastKnownFileType = sourcecode.swift; path = FirebaseDBFunctions.swift; sourceTree = "<group>"; };
		C9FCAD842022035A00047DC6 /* Main Nav Controller.swift */ = {isa = PBXFileReference; lastKnownFileType = sourcecode.swift; path = "Main Nav Controller.swift"; sourceTree = "<group>"; };
		C9FCAD8620221A3F00047DC6 /* SignInUpViewController.swift */ = {isa = PBXFileReference; lastKnownFileType = sourcecode.swift; path = SignInUpViewController.swift; sourceTree = "<group>"; };
		E42AA67C41B86445D6E366A6 /* Pods-Wijnderlust.debug.xcconfig */ = {isa = PBXFileReference; includeInIndex = 1; lastKnownFileType = text.xcconfig; name = "Pods-Wijnderlust.debug.xcconfig"; path = "Pods/Target Support Files/Pods-Wijnderlust/Pods-Wijnderlust.debug.xcconfig"; sourceTree = "<group>"; };
/* End PBXFileReference section */

/* Begin PBXFrameworksBuildPhase section */
		C99E4C5B2019EA5400887281 /* Frameworks */ = {
			isa = PBXFrameworksBuildPhase;
			buildActionMask = 2147483647;
			files = (
				B8563E5F761C96BAEF340DD8 /* Pods_Wijnderlust.framework in Frameworks */,
			);
			runOnlyForDeploymentPostprocessing = 0;
		};
/* End PBXFrameworksBuildPhase section */

/* Begin PBXGroup section */
		B6DC75DAF7A5C628EB7A87B9 /* Frameworks */ = {
			isa = PBXGroup;
			children = (
				4C74C7A61C3D6CBCF37CBB59 /* Pods_Wijnderlust.framework */,
			);
			name = Frameworks;
			sourceTree = "<group>";
		};
		C90E8B6C202B5E250087B8EA /* Networking */ = {
			isa = PBXGroup;
			children = (
				C90E8B6D202B5E400087B8EA /* JSON Initialisable.swift */,
				C90E8B85202B7CE50087B8EA /* API Endpoint.swift */,
				C90E8B87202B7D5A0087B8EA /* Yelp Client.swift */,
				C90E8B89202B7D880087B8EA /* API Client Protocol.swift */,
				C90E8B8E202BC8D20087B8EA /* Pending Operation Queue.swift */,
				C90E8B90202BC8ED0087B8EA /* Venue Image Downloader.swift */,
			);
			path = Networking;
			sourceTree = "<group>";
		};
		C90E8B71202B5EAD0087B8EA /* Yelp Objects */ = {
			isa = PBXGroup;
			children = (
				C90E8B6F202B5EA90087B8EA /* Yelp Category.swift */,
				C90E8B72202B5ECE0087B8EA /* Coordinate.swift */,
				C90E8B76202B5F7C0087B8EA /* Yelp Review.swift */,
				C90E8B78202B5FA80087B8EA /* Yelp User.swift */,
				C90E8B74202B5F2A0087B8EA /* Yelp Address.swift */,
			);
			path = "Yelp Objects";
			sourceTree = "<group>";
		};
		C90E8B7A202B6AB90087B8EA /* Views */ = {
			isa = PBXGroup;
			children = (
				C91064D420260B4B00A71F78 /* ReviewCell.swift */,
				C90E8B7B202B6AE90087B8EA /* VenueCell.swift */,
			);
			path = Views;
			sourceTree = "<group>";
		};
		C90E8B7D202B6FDD0087B8EA /* Vendor */ = {
			isa = PBXGroup;
			children = (
				C90E8B7E202B6FED0087B8EA /* CosmosStarRatings.swift */,
			);
			path = Vendor;
			sourceTree = "<group>";
		};
		C90E8B80202B75470087B8EA /* View Models */ = {
			isa = PBXGroup;
			children = (
				C90E8B81202B75560087B8EA /* VenueCellViewModel.swift */,
				C9582DF1202C9D0800A28E88 /* VenueInteriorViewModel.swift */,
			);
			path = "View Models";
			sourceTree = "<group>";
		};
		C90E8B8B202B89660087B8EA /* Data Sources */ = {
			isa = PBXGroup;
			children = (
				C90E8B8C202B89990087B8EA /* Inspiration Data Source.swift */,
				C9E63984202C6DE000D1DB79 /* Venue Interior Data Source.swift */,
			);
			path = "Data Sources";
			sourceTree = "<group>";
		};
		C91064CF20237AA700A71F78 /* Profile Views */ = {
			isa = PBXGroup;
			children = (
				C91064D020237AE700A71F78 /* EditProfileViewController.swift */,
				C91064D22024C97A00A71F78 /* YourReviewsTableViewController.swift */,
				C91064D82028E48E00A71F78 /* TripHistoryTableViewController.swift */,
			);
			path = "Profile Views";
			sourceTree = "<group>";
		};
		C99E4C552019EA5400887281 = {
			isa = PBXGroup;
			children = (
				C99E4C602019EA5400887281 /* Wijnderlust */,
				C99E4C5F2019EA5400887281 /* Products */,
				E61959AA79C01FC8B180E2DE /* Pods */,
				B6DC75DAF7A5C628EB7A87B9 /* Frameworks */,
			);
			sourceTree = "<group>";
		};
		C99E4C5F2019EA5400887281 /* Products */ = {
			isa = PBXGroup;
			children = (
				C99E4C5E2019EA5400887281 /* Wijnderlust.app */,
			);
			name = Products;
			sourceTree = "<group>";
		};
		C99E4C602019EA5400887281 /* Wijnderlust */ = {
			isa = PBXGroup;
			children = (
				C90E8B8B202B89660087B8EA /* Data Sources */,
				C9FCAD8820221AED00047DC6 /* Main Views and Delegates */,
				C91064CF20237AA700A71F78 /* Profile Views */,
				C9FCAD792020E6E900047DC6 /* Sign Up and In */,
				C90E8B80202B75470087B8EA /* View Models */,
				C90E8B7A202B6AB90087B8EA /* Views */,
				C9FCAD782020DF9E00047DC6 /* Models */,
				C90E8B6C202B5E250087B8EA /* Networking */,
				C9FCAD812021F2B100047DC6 /* Setup Files */,
				C9FCAD7E2021EC4400047DC6 /* Helpers */,
				C99E4C672019EA5400887281 /* Main.storyboard */,
				C99E4C6A2019EA5400887281 /* Assets.xcassets */,
				C99E4C6C2019EA5400887281 /* LaunchScreen.storyboard */,
				C9D29069201E899700F05361 /* GoogleService-Info.plist */,
				C99E4C6F2019EA5400887281 /* Info.plist */,
				C90E8B7D202B6FDD0087B8EA /* Vendor */,
			);
			path = Wijnderlust;
			sourceTree = "<group>";
		};
		C9FCAD782020DF9E00047DC6 /* Models */ = {
			isa = PBXGroup;
			children = (
				C9FCAD762020DF9300047DC6 /* User.swift */,
				C91064D62028D15C00A71F78 /* Review.swift */,
				C90E8B6A202B5DF20087B8EA /* Venue.swift */,
				C90E8B71202B5EAD0087B8EA /* Yelp Objects */,
			);
			path = Models;
			sourceTree = "<group>";
		};
		C9FCAD792020E6E900047DC6 /* Sign Up and In */ = {
			isa = PBXGroup;
			children = (
				C9FCAD8620221A3F00047DC6 /* SignInUpViewController.swift */,
				C9FCAD7C202151B100047DC6 /* SignInViewController.swift */,
				C9FCAD742020D16900047DC6 /* SignUpViewController.swift */,
				C9FCAD7A2020E70D00047DC6 /* SignUpTwoViewController.swift */,
			);
			path = "Sign Up and In";
			sourceTree = "<group>";
		};
		C9FCAD7E2021EC4400047DC6 /* Helpers */ = {
			isa = PBXGroup;
			children = (
				C9FCAD702020C91A00047DC6 /* Helper Methods.swift */,
				C9582DF3202CB69500A28E88 /* TransparentNavBarController.swift */,
			);
			path = Helpers;
			sourceTree = "<group>";
		};
		C9FCAD812021F2B100047DC6 /* Setup Files */ = {
			isa = PBXGroup;
			children = (
				C9FCAD822021F2D500047DC6 /* FirebaseDBFunctions.swift */,
			);
			path = "Setup Files";
			sourceTree = "<group>";
		};
		C9FCAD8820221AED00047DC6 /* Main Views and Delegates */ = {
			isa = PBXGroup;
			children = (
				C90E8B83202B7B670087B8EA /* Inspiration Controller.swift */,
				C90E8B92202BF0320087B8EA /* Venue Interior Controller.swift */,
				C99E4C612019EA5400887281 /* App Delegate.swift */,
				C9FCAD842022035A00047DC6 /* Main Nav Controller.swift */,
				C91064CD2023555400A71F78 /* Profile Menu Controller.swift */,
				C99E4C752019EB0600887281 /* Third View Controller.swift */,
			);
			path = "Main Views and Delegates";
			sourceTree = "<group>";
		};
		E61959AA79C01FC8B180E2DE /* Pods */ = {
			isa = PBXGroup;
			children = (
				E42AA67C41B86445D6E366A6 /* Pods-Wijnderlust.debug.xcconfig */,
				6D04B44D66B102F96051011D /* Pods-Wijnderlust.release.xcconfig */,
			);
			name = Pods;
			sourceTree = "<group>";
		};
/* End PBXGroup section */

/* Begin PBXNativeTarget section */
		C99E4C5D2019EA5400887281 /* Wijnderlust */ = {
			isa = PBXNativeTarget;
			buildConfigurationList = C99E4C722019EA5400887281 /* Build configuration list for PBXNativeTarget "Wijnderlust" */;
			buildPhases = (
				DAB55F7AE06A3D1AAD52E5CA /* [CP] Check Pods Manifest.lock */,
				C99E4C5A2019EA5400887281 /* Sources */,
				C99E4C5B2019EA5400887281 /* Frameworks */,
				C99E4C5C2019EA5400887281 /* Resources */,
				89A348F6B4B68B73D716AA7B /* [CP] Embed Pods Frameworks */,
				F87672DD52B44D119F07E705 /* [CP] Copy Pods Resources */,
			);
			buildRules = (
			);
			dependencies = (
			);
			name = Wijnderlust;
			productName = Wijnderlust;
			productReference = C99E4C5E2019EA5400887281 /* Wijnderlust.app */;
			productType = "com.apple.product-type.application";
		};
/* End PBXNativeTarget section */

/* Begin PBXProject section */
		C99E4C562019EA5400887281 /* Project object */ = {
			isa = PBXProject;
			attributes = {
				LastSwiftUpdateCheck = 0920;
				LastUpgradeCheck = 0920;
				ORGANIZATIONNAME = "MG Creative Services";
				TargetAttributes = {
					C99E4C5D2019EA5400887281 = {
						CreatedOnToolsVersion = 9.2;
						ProvisioningStyle = Automatic;
					};
				};
			};
			buildConfigurationList = C99E4C592019EA5400887281 /* Build configuration list for PBXProject "Wijnderlust" */;
			compatibilityVersion = "Xcode 8.0";
			developmentRegion = en;
			hasScannedForEncodings = 0;
			knownRegions = (
				en,
				Base,
			);
			mainGroup = C99E4C552019EA5400887281;
			productRefGroup = C99E4C5F2019EA5400887281 /* Products */;
			projectDirPath = "";
			projectRoot = "";
			targets = (
				C99E4C5D2019EA5400887281 /* Wijnderlust */,
			);
		};
/* End PBXProject section */

/* Begin PBXResourcesBuildPhase section */
		C99E4C5C2019EA5400887281 /* Resources */ = {
			isa = PBXResourcesBuildPhase;
			buildActionMask = 2147483647;
			files = (
				C99E4C6E2019EA5400887281 /* LaunchScreen.storyboard in Resources */,
				C9D2906A201E899700F05361 /* GoogleService-Info.plist in Resources */,
				C99E4C6B2019EA5400887281 /* Assets.xcassets in Resources */,
				C99E4C692019EA5400887281 /* Main.storyboard in Resources */,
			);
			runOnlyForDeploymentPostprocessing = 0;
		};
/* End PBXResourcesBuildPhase section */

/* Begin PBXShellScriptBuildPhase section */
		89A348F6B4B68B73D716AA7B /* [CP] Embed Pods Frameworks */ = {
			isa = PBXShellScriptBuildPhase;
			buildActionMask = 2147483647;
			files = (
			);
			inputPaths = (
				"${SRCROOT}/Pods/Target Support Files/Pods-Wijnderlust/Pods-Wijnderlust-frameworks.sh",
				"${BUILT_PRODUCTS_DIR}/GTMSessionFetcher/GTMSessionFetcher.framework",
				"${BUILT_PRODUCTS_DIR}/GoogleToolboxForMac/GoogleToolboxForMac.framework",
				"${BUILT_PRODUCTS_DIR}/leveldb-library/leveldb.framework",
				"${BUILT_PRODUCTS_DIR}/nanopb/nanopb.framework",
			);
			name = "[CP] Embed Pods Frameworks";
			outputPaths = (
				"${TARGET_BUILD_DIR}/${FRAMEWORKS_FOLDER_PATH}/GTMSessionFetcher.framework",
				"${TARGET_BUILD_DIR}/${FRAMEWORKS_FOLDER_PATH}/GoogleToolboxForMac.framework",
				"${TARGET_BUILD_DIR}/${FRAMEWORKS_FOLDER_PATH}/leveldb.framework",
				"${TARGET_BUILD_DIR}/${FRAMEWORKS_FOLDER_PATH}/nanopb.framework",
			);
			runOnlyForDeploymentPostprocessing = 0;
			shellPath = /bin/sh;
			shellScript = "\"${SRCROOT}/Pods/Target Support Files/Pods-Wijnderlust/Pods-Wijnderlust-frameworks.sh\"\n";
			showEnvVarsInLog = 0;
		};
		DAB55F7AE06A3D1AAD52E5CA /* [CP] Check Pods Manifest.lock */ = {
			isa = PBXShellScriptBuildPhase;
			buildActionMask = 2147483647;
			files = (
			);
			inputPaths = (
				"${PODS_PODFILE_DIR_PATH}/Podfile.lock",
				"${PODS_ROOT}/Manifest.lock",
			);
			name = "[CP] Check Pods Manifest.lock";
			outputPaths = (
				"$(DERIVED_FILE_DIR)/Pods-Wijnderlust-checkManifestLockResult.txt",
			);
			runOnlyForDeploymentPostprocessing = 0;
			shellPath = /bin/sh;
			shellScript = "diff \"${PODS_PODFILE_DIR_PATH}/Podfile.lock\" \"${PODS_ROOT}/Manifest.lock\" > /dev/null\nif [ $? != 0 ] ; then\n    # print error to STDERR\n    echo \"error: The sandbox is not in sync with the Podfile.lock. Run 'pod install' or update your CocoaPods installation.\" >&2\n    exit 1\nfi\n# This output is used by Xcode 'outputs' to avoid re-running this script phase.\necho \"SUCCESS\" > \"${SCRIPT_OUTPUT_FILE_0}\"\n";
			showEnvVarsInLog = 0;
		};
		F87672DD52B44D119F07E705 /* [CP] Copy Pods Resources */ = {
			isa = PBXShellScriptBuildPhase;
			buildActionMask = 2147483647;
			files = (
			);
			inputPaths = (
			);
			name = "[CP] Copy Pods Resources";
			outputPaths = (
			);
			runOnlyForDeploymentPostprocessing = 0;
			shellPath = /bin/sh;
			shellScript = "\"${SRCROOT}/Pods/Target Support Files/Pods-Wijnderlust/Pods-Wijnderlust-resources.sh\"\n";
			showEnvVarsInLog = 0;
		};
/* End PBXShellScriptBuildPhase section */

/* Begin PBXSourcesBuildPhase section */
		C99E4C5A2019EA5400887281 /* Sources */ = {
			isa = PBXSourcesBuildPhase;
			buildActionMask = 2147483647;
			files = (
				C91064D120237AE700A71F78 /* EditProfileViewController.swift in Sources */,
				C90E8B6B202B5DF20087B8EA /* Venue.swift in Sources */,
				C9FCAD7B2020E70D00047DC6 /* SignUpTwoViewController.swift in Sources */,
				C9582DF4202CB69500A28E88 /* TransparentNavBarController.swift in Sources */,
				C90E8B73202B5ECE0087B8EA /* Coordinate.swift in Sources */,
				C90E8B8A202B7D880087B8EA /* API Client Protocol.swift in Sources */,
				C9FCAD752020D16900047DC6 /* SignUpViewController.swift in Sources */,
				C9FCAD712020C91A00047DC6 /* Helper Methods.swift in Sources */,
				C90E8B93202BF0320087B8EA /* Venue Interior Controller.swift in Sources */,
				C99E4C622019EA5400887281 /* App Delegate.swift in Sources */,
				C90E8B77202B5F7C0087B8EA /* Yelp Review.swift in Sources */,
				C9582DF2202C9D0800A28E88 /* VenueInteriorViewModel.swift in Sources */,
				C90E8B7C202B6AE90087B8EA /* VenueCell.swift in Sources */,
				C90E8B86202B7CE50087B8EA /* API Endpoint.swift in Sources */,
				C90E8B7F202B6FED0087B8EA /* CosmosStarRatings.swift in Sources */,
				C91064D520260B4B00A71F78 /* ReviewCell.swift in Sources */,
				C9FCAD772020DF9300047DC6 /* User.swift in Sources */,
				C90E8B91202BC8ED0087B8EA /* Venue Image Downloader.swift in Sources */,
				C91064CE2023555400A71F78 /* Profile Menu Controller.swift in Sources */,
				C90E8B84202B7B670087B8EA /* Inspiration Controller.swift in Sources */,
				C99E4C762019EB0600887281 /* Third View Controller.swift in Sources */,
				C90E8B75202B5F2A0087B8EA /* Yelp Address.swift in Sources */,
				C90E8B8D202B89990087B8EA /* Inspiration Data Source.swift in Sources */,
				C90E8B6E202B5E400087B8EA /* JSON Initialisable.swift in Sources */,
				C91064D92028E48E00A71F78 /* TripHistoryTableViewController.swift in Sources */,
				C91064D72028D15C00A71F78 /* Review.swift in Sources */,
				C91064D32024C97A00A71F78 /* YourReviewsTableViewController.swift in Sources */,
				C90E8B8F202BC8D20087B8EA /* Pending Operation Queue.swift in Sources */,
				C9FCAD832021F2D500047DC6 /* FirebaseDBFunctions.swift in Sources */,
				C9E63985202C6DE000D1DB79 /* Venue Interior Data Source.swift in Sources */,
				C9FCAD8720221A3F00047DC6 /* SignInUpViewController.swift in Sources */,
				C9FCAD7D202151B100047DC6 /* SignInViewController.swift in Sources */,
				C90E8B70202B5EA90087B8EA /* Yelp Category.swift in Sources */,
				C9FCAD852022035A00047DC6 /* Main Nav Controller.swift in Sources */,
				C90E8B82202B75560087B8EA /* VenueCellViewModel.swift in Sources */,
				C90E8B79202B5FA80087B8EA /* Yelp User.swift in Sources */,
				C90E8B88202B7D5A0087B8EA /* Yelp Client.swift in Sources */,
			);
			runOnlyForDeploymentPostprocessing = 0;
		};
/* End PBXSourcesBuildPhase section */

/* Begin PBXVariantGroup section */
		C99E4C672019EA5400887281 /* Main.storyboard */ = {
			isa = PBXVariantGroup;
			children = (
				C99E4C682019EA5400887281 /* Base */,
			);
			name = Main.storyboard;
			sourceTree = "<group>";
		};
		C99E4C6C2019EA5400887281 /* LaunchScreen.storyboard */ = {
			isa = PBXVariantGroup;
			children = (
				C99E4C6D2019EA5400887281 /* Base */,
			);
			name = LaunchScreen.storyboard;
			sourceTree = "<group>";
		};
/* End PBXVariantGroup section */

/* Begin XCBuildConfiguration section */
		C99E4C702019EA5400887281 /* Debug */ = {
			isa = XCBuildConfiguration;
			buildSettings = {
				ALWAYS_SEARCH_USER_PATHS = NO;
				CLANG_ANALYZER_NONNULL = YES;
				CLANG_ANALYZER_NUMBER_OBJECT_CONVERSION = YES_AGGRESSIVE;
				CLANG_CXX_LANGUAGE_STANDARD = "gnu++14";
				CLANG_CXX_LIBRARY = "libc++";
				CLANG_ENABLE_MODULES = YES;
				CLANG_ENABLE_OBJC_ARC = YES;
				CLANG_WARN_BLOCK_CAPTURE_AUTORELEASING = YES;
				CLANG_WARN_BOOL_CONVERSION = YES;
				CLANG_WARN_COMMA = YES;
				CLANG_WARN_CONSTANT_CONVERSION = YES;
				CLANG_WARN_DIRECT_OBJC_ISA_USAGE = YES_ERROR;
				CLANG_WARN_DOCUMENTATION_COMMENTS = YES;
				CLANG_WARN_EMPTY_BODY = YES;
				CLANG_WARN_ENUM_CONVERSION = YES;
				CLANG_WARN_INFINITE_RECURSION = YES;
				CLANG_WARN_INT_CONVERSION = YES;
				CLANG_WARN_NON_LITERAL_NULL_CONVERSION = YES;
				CLANG_WARN_OBJC_LITERAL_CONVERSION = YES;
				CLANG_WARN_OBJC_ROOT_CLASS = YES_ERROR;
				CLANG_WARN_RANGE_LOOP_ANALYSIS = YES;
				CLANG_WARN_STRICT_PROTOTYPES = YES;
				CLANG_WARN_SUSPICIOUS_MOVE = YES;
				CLANG_WARN_UNGUARDED_AVAILABILITY = YES_AGGRESSIVE;
				CLANG_WARN_UNREACHABLE_CODE = YES;
				CLANG_WARN__DUPLICATE_METHOD_MATCH = YES;
				CODE_SIGN_IDENTITY = "iPhone Developer";
				COPY_PHASE_STRIP = NO;
				DEBUG_INFORMATION_FORMAT = dwarf;
				ENABLE_STRICT_OBJC_MSGSEND = YES;
				ENABLE_TESTABILITY = YES;
				GCC_C_LANGUAGE_STANDARD = gnu11;
				GCC_DYNAMIC_NO_PIC = NO;
				GCC_NO_COMMON_BLOCKS = YES;
				GCC_OPTIMIZATION_LEVEL = 0;
				GCC_PREPROCESSOR_DEFINITIONS = (
					"DEBUG=1",
					"$(inherited)",
				);
				GCC_WARN_64_TO_32_BIT_CONVERSION = YES;
				GCC_WARN_ABOUT_RETURN_TYPE = YES_ERROR;
				GCC_WARN_UNDECLARED_SELECTOR = YES;
				GCC_WARN_UNINITIALIZED_AUTOS = YES_AGGRESSIVE;
				GCC_WARN_UNUSED_FUNCTION = YES;
				GCC_WARN_UNUSED_VARIABLE = YES;
				IPHONEOS_DEPLOYMENT_TARGET = 11.2;
				MTL_ENABLE_DEBUG_INFO = YES;
				ONLY_ACTIVE_ARCH = YES;
				SDKROOT = iphoneos;
				SWIFT_ACTIVE_COMPILATION_CONDITIONS = DEBUG;
				SWIFT_OPTIMIZATION_LEVEL = "-Onone";
			};
			name = Debug;
		};
		C99E4C712019EA5400887281 /* Release */ = {
			isa = XCBuildConfiguration;
			buildSettings = {
				ALWAYS_SEARCH_USER_PATHS = NO;
				CLANG_ANALYZER_NONNULL = YES;
				CLANG_ANALYZER_NUMBER_OBJECT_CONVERSION = YES_AGGRESSIVE;
				CLANG_CXX_LANGUAGE_STANDARD = "gnu++14";
				CLANG_CXX_LIBRARY = "libc++";
				CLANG_ENABLE_MODULES = YES;
				CLANG_ENABLE_OBJC_ARC = YES;
				CLANG_WARN_BLOCK_CAPTURE_AUTORELEASING = YES;
				CLANG_WARN_BOOL_CONVERSION = YES;
				CLANG_WARN_COMMA = YES;
				CLANG_WARN_CONSTANT_CONVERSION = YES;
				CLANG_WARN_DIRECT_OBJC_ISA_USAGE = YES_ERROR;
				CLANG_WARN_DOCUMENTATION_COMMENTS = YES;
				CLANG_WARN_EMPTY_BODY = YES;
				CLANG_WARN_ENUM_CONVERSION = YES;
				CLANG_WARN_INFINITE_RECURSION = YES;
				CLANG_WARN_INT_CONVERSION = YES;
				CLANG_WARN_NON_LITERAL_NULL_CONVERSION = YES;
				CLANG_WARN_OBJC_LITERAL_CONVERSION = YES;
				CLANG_WARN_OBJC_ROOT_CLASS = YES_ERROR;
				CLANG_WARN_RANGE_LOOP_ANALYSIS = YES;
				CLANG_WARN_STRICT_PROTOTYPES = YES;
				CLANG_WARN_SUSPICIOUS_MOVE = YES;
				CLANG_WARN_UNGUARDED_AVAILABILITY = YES_AGGRESSIVE;
				CLANG_WARN_UNREACHABLE_CODE = YES;
				CLANG_WARN__DUPLICATE_METHOD_MATCH = YES;
				CODE_SIGN_IDENTITY = "iPhone Developer";
				COPY_PHASE_STRIP = NO;
				DEBUG_INFORMATION_FORMAT = "dwarf-with-dsym";
				ENABLE_NS_ASSERTIONS = NO;
				ENABLE_STRICT_OBJC_MSGSEND = YES;
				GCC_C_LANGUAGE_STANDARD = gnu11;
				GCC_NO_COMMON_BLOCKS = YES;
				GCC_WARN_64_TO_32_BIT_CONVERSION = YES;
				GCC_WARN_ABOUT_RETURN_TYPE = YES_ERROR;
				GCC_WARN_UNDECLARED_SELECTOR = YES;
				GCC_WARN_UNINITIALIZED_AUTOS = YES_AGGRESSIVE;
				GCC_WARN_UNUSED_FUNCTION = YES;
				GCC_WARN_UNUSED_VARIABLE = YES;
				IPHONEOS_DEPLOYMENT_TARGET = 11.2;
				MTL_ENABLE_DEBUG_INFO = NO;
				SDKROOT = iphoneos;
				SWIFT_OPTIMIZATION_LEVEL = "-Owholemodule";
				VALIDATE_PRODUCT = YES;
			};
			name = Release;
		};
		C99E4C732019EA5400887281 /* Debug */ = {
			isa = XCBuildConfiguration;
			baseConfigurationReference = E42AA67C41B86445D6E366A6 /* Pods-Wijnderlust.debug.xcconfig */;
			buildSettings = {
				ASSETCATALOG_COMPILER_APPICON_NAME = AppIcon;
				CODE_SIGN_STYLE = Automatic;
				DEVELOPMENT_TEAM = U272E39DV7;
				INFOPLIST_FILE = Wijnderlust/Info.plist;
				LD_RUNPATH_SEARCH_PATHS = "$(inherited) @executable_path/Frameworks";
				PRODUCT_BUNDLE_IDENTIFIER = "com.matt-gibbs.Wijnderlust";
				PRODUCT_NAME = "$(TARGET_NAME)";
				SWIFT_VERSION = 4.0;
				TARGETED_DEVICE_FAMILY = "1,2";
			};
			name = Debug;
		};
		C99E4C742019EA5400887281 /* Release */ = {
			isa = XCBuildConfiguration;
			baseConfigurationReference = 6D04B44D66B102F96051011D /* Pods-Wijnderlust.release.xcconfig */;
			buildSettings = {
				ASSETCATALOG_COMPILER_APPICON_NAME = AppIcon;
				CODE_SIGN_STYLE = Automatic;
				DEVELOPMENT_TEAM = U272E39DV7;
				INFOPLIST_FILE = Wijnderlust/Info.plist;
				LD_RUNPATH_SEARCH_PATHS = "$(inherited) @executable_path/Frameworks";
				PRODUCT_BUNDLE_IDENTIFIER = "com.matt-gibbs.Wijnderlust";
				PRODUCT_NAME = "$(TARGET_NAME)";
				SWIFT_VERSION = 4.0;
				TARGETED_DEVICE_FAMILY = "1,2";
			};
			name = Release;
		};
/* End XCBuildConfiguration section */

/* Begin XCConfigurationList section */
		C99E4C592019EA5400887281 /* Build configuration list for PBXProject "Wijnderlust" */ = {
			isa = XCConfigurationList;
			buildConfigurations = (
				C99E4C702019EA5400887281 /* Debug */,
				C99E4C712019EA5400887281 /* Release */,
			);
			defaultConfigurationIsVisible = 0;
			defaultConfigurationName = Release;
		};
		C99E4C722019EA5400887281 /* Build configuration list for PBXNativeTarget "Wijnderlust" */ = {
			isa = XCConfigurationList;
			buildConfigurations = (
				C99E4C732019EA5400887281 /* Debug */,
				C99E4C742019EA5400887281 /* Release */,
			);
			defaultConfigurationIsVisible = 0;
			defaultConfigurationName = Release;
		};
/* End XCConfigurationList section */
	};
	rootObject = C99E4C562019EA5400887281 /* Project object */;
}
